<Project xmlns="http://schemas.microsoft.com/developer/msbuild/2003">
    <PropertyGroup>
        <ProjectGuid>{371A37CB-E7C8-489F-972E-D56BD69862E8}</ProjectGuid>
        <MainSource>GLSceneVKS_RunTime.dpk</MainSource>
        <Base>True</Base>
        <Config Condition="'$(Config)'==''">Debug</Config>
        <TargetedPlatforms>3</TargetedPlatforms>
        <AppType>Package</AppType>
        <FrameworkType>FMX</FrameworkType>
        <ProjectVersion>18.1</ProjectVersion>
        <Platform Condition="'$(Platform)'==''">Win64</Platform>
    </PropertyGroup>
    <PropertyGroup Condition="'$(Config)'=='Base' or '$(Base)'!=''">
        <Base>true</Base>
    </PropertyGroup>
    <PropertyGroup Condition="('$(Platform)'=='Android' and '$(Base)'=='true') or '$(Base_Android)'!=''">
        <Base_Android>true</Base_Android>
        <CfgParent>Base</CfgParent>
        <Base>true</Base>
    </PropertyGroup>
    <PropertyGroup Condition="('$(Platform)'=='Win32' and '$(Base)'=='true') or '$(Base_Win32)'!=''">
        <Base_Win32>true</Base_Win32>
        <CfgParent>Base</CfgParent>
        <Base>true</Base>
    </PropertyGroup>
    <PropertyGroup Condition="('$(Platform)'=='Win64' and '$(Base)'=='true') or '$(Base_Win64)'!=''">
        <Base_Win64>true</Base_Win64>
        <CfgParent>Base</CfgParent>
        <Base>true</Base>
    </PropertyGroup>
    <PropertyGroup Condition="'$(Config)'=='Release' or '$(Cfg_1)'!=''">
        <Cfg_1>true</Cfg_1>
        <CfgParent>Base</CfgParent>
        <Base>true</Base>
    </PropertyGroup>
    <PropertyGroup Condition="('$(Platform)'=='Win64' and '$(Cfg_1)'=='true') or '$(Cfg_1_Win64)'!=''">
        <Cfg_1_Win64>true</Cfg_1_Win64>
        <CfgParent>Cfg_1</CfgParent>
        <Cfg_1>true</Cfg_1>
        <Base>true</Base>
    </PropertyGroup>
    <PropertyGroup Condition="'$(Config)'=='Debug' or '$(Cfg_2)'!=''">
        <Cfg_2>true</Cfg_2>
        <CfgParent>Base</CfgParent>
        <Base>true</Base>
    </PropertyGroup>
    <PropertyGroup Condition="('$(Platform)'=='iOSDevice64' and '$(Cfg_2)'=='true') or '$(Cfg_2_iOSDevice64)'!=''">
        <Cfg_2_iOSDevice64>true</Cfg_2_iOSDevice64>
        <CfgParent>Cfg_2</CfgParent>
        <Cfg_2>true</Cfg_2>
        <Base>true</Base>
    </PropertyGroup>
    <PropertyGroup Condition="('$(Platform)'=='Win32' and '$(Cfg_2)'=='true') or '$(Cfg_2_Win32)'!=''">
        <Cfg_2_Win32>true</Cfg_2_Win32>
        <CfgParent>Cfg_2</CfgParent>
        <Cfg_2>true</Cfg_2>
        <Base>true</Base>
    </PropertyGroup>
    <PropertyGroup Condition="('$(Platform)'=='Win64' and '$(Cfg_2)'=='true') or '$(Cfg_2_Win64)'!=''">
        <Cfg_2_Win64>true</Cfg_2_Win64>
        <CfgParent>Cfg_2</CfgParent>
        <Cfg_2>true</Cfg_2>
        <Base>true</Base>
    </PropertyGroup>
    <PropertyGroup Condition="'$(Base)'!=''">
        <VerInfo_Locale>1049</VerInfo_Locale>
        <DCC_Description>GLSceneVKS Vulkan 3D library</DCC_Description>
        <DCC_E>false</DCC_E>
        <DCC_K>false</DCC_K>
        <DCC_F>false</DCC_F>
        <DCC_ImageBase>00400000</DCC_ImageBase>
        <DCC_CBuilderOutput>All</DCC_CBuilderOutput>
        <DCC_Namespace>System;Xml;Data;Datasnap;Web;Soap;REST.Authenticator.OAuth.WebForm;$(DCC_Namespace)</DCC_Namespace>
        <GenPackage>true</GenPackage>
        <RuntimeOnlyPackage>true</RuntimeOnlyPackage>
        <VerInfo_Keys>CompanyName=;FileDescription=;FileVersion=1.0.0.0;InternalName=;LegalCopyright=;LegalTrademarks=;OriginalFilename=;ProductName=;ProductVersion=1.0.0.0;Comments=;CFBundleName=</VerInfo_Keys>
        <SanitizedProjectName>GLSceneVKS_RunTime</SanitizedProjectName>
        <DCC_S>false</DCC_S>
        <DCC_N>false</DCC_N>
        <GenDll>true</GenDll>
    </PropertyGroup>
    <PropertyGroup Condition="'$(Base_Android)'!=''">
        <EnabledSysJars>android-support-v4.dex.jar;apk-expansion.dex.jar;cloud-messaging.dex.jar;fmx.dex.jar;google-analytics-v2.dex.jar;google-play-billing.dex.jar;google-play-licensing.dex.jar;google-play-services.dex.jar</EnabledSysJars>
        <VerInfo_Keys>package=com.embarcadero.$(MSBuildProjectName);label=$(MSBuildProjectName);versionCode=1;versionName=1.0.0;persistent=False;restoreAnyVersion=False;installLocation=auto;largeHeap=False;theme=TitleBar;hardwareAccelerated=true;apiKey=</VerInfo_Keys>
        <BT_BuildType>Debug</BT_BuildType>
    </PropertyGroup>
    <PropertyGroup Condition="'$(Base_Win32)'!=''">
        <VerInfo_Locale>1033</VerInfo_Locale>
        <DCC_Namespace>Winapi;System.Win;Data.Win;Datasnap.Win;Web.Win;Soap.Win;Xml.Win;Bde;$(DCC_Namespace)</DCC_Namespace>
        <VerInfo_IncludeVerInfo>true</VerInfo_IncludeVerInfo>
        <VerInfo_Keys>CompanyName=;FileDescription=;FileVersion=1.0.0.0;InternalName=;LegalCopyright=;LegalTrademarks=;OriginalFilename=;ProductName=;ProductVersion=1.0.0.0;Comments=</VerInfo_Keys>
    </PropertyGroup>
    <PropertyGroup Condition="'$(Base_Win64)'!=''">
        <DCC_DcuOutput>.\$(Platform)\$(Config)</DCC_DcuOutput>
        <VerInfo_Locale>1033</VerInfo_Locale>
        <DCC_Namespace>Winapi;System.Win;Data.Win;Datasnap.Win;Web.Win;Soap.Win;Xml.Win;$(DCC_Namespace)</DCC_Namespace>
        <VerInfo_IncludeVerInfo>true</VerInfo_IncludeVerInfo>
        <VerInfo_Keys>CompanyName=;FileDescription=;FileVersion=1.0.0.0;InternalName=;LegalCopyright=;LegalTrademarks=;OriginalFilename=;ProductName=;ProductVersion=1.0.0.0;Comments=</VerInfo_Keys>
    </PropertyGroup>
    <PropertyGroup Condition="'$(Cfg_1)'!=''">
        <DCC_LocalDebugSymbols>false</DCC_LocalDebugSymbols>
        <DCC_SymbolReferenceInfo>0</DCC_SymbolReferenceInfo>
        <DCC_DebugInformation>0</DCC_DebugInformation>
        <DCC_Define>RELEASE;$(DCC_Define)</DCC_Define>
    </PropertyGroup>
    <PropertyGroup Condition="'$(Cfg_1_Win64)'!=''">
        <VerInfo_Locale>1033</VerInfo_Locale>
        <VerInfo_IncludeVerInfo>true</VerInfo_IncludeVerInfo>
        <VerInfo_Keys>CompanyName=;FileDescription=;FileVersion=1.0.0.0;InternalName=;LegalCopyright=;LegalTrademarks=;OriginalFilename=;ProductName=;ProductVersion=1.0.0.0;Comments=</VerInfo_Keys>
    </PropertyGroup>
    <PropertyGroup Condition="'$(Cfg_2)'!=''">
        <DCC_Optimize>false</DCC_Optimize>
        <DCC_Define>DEBUG;$(DCC_Define)</DCC_Define>
        <DCC_GenerateStackFrames>true</DCC_GenerateStackFrames>
    </PropertyGroup>
    <PropertyGroup Condition="'$(Cfg_2_iOSDevice64)'!=''">
        <BT_BuildType>Debug</BT_BuildType>
    </PropertyGroup>
    <PropertyGroup Condition="'$(Cfg_2_Win32)'!=''">
        <DCC_BpiOutput>..\include\</DCC_BpiOutput>
        <VerInfo_Locale>1033</VerInfo_Locale>
        <DCC_CBuilderOutput>All</DCC_CBuilderOutput>
        <DCC_HppOutput>..\lib\</DCC_HppOutput>
        <VerInfo_IncludeVerInfo>true</VerInfo_IncludeVerInfo>
        <VerInfo_Keys>CompanyName=;FileDescription=;FileVersion=1.0.0.0;InternalName=;LegalCopyright=;LegalTrademarks=;OriginalFilename=;ProductName=;ProductVersion=1.0.0.0;Comments=</VerInfo_Keys>
        <DCC_ObjOutput>..\include\</DCC_ObjOutput>
    </PropertyGroup>
    <PropertyGroup Condition="'$(Cfg_2_Win64)'!=''">
        <DCC_DcuOutput>.\$(Platform)\$(Config)</DCC_DcuOutput>
        <VerInfo_IncludeVerInfo>true</VerInfo_IncludeVerInfo>
        <VerInfo_Locale>1033</VerInfo_Locale>
        <VerInfo_Keys>CompanyName=;FileDescription=;FileVersion=1.0.0.0;InternalName=;LegalCopyright=;LegalTrademarks=;OriginalFilename=;ProductName=;ProductVersion=1.0.0.0;Comments=</VerInfo_Keys>
    </PropertyGroup>
    <ItemGroup>
        <DelphiCompile Include="$(MainSource)">
            <MainSource>MainSource</MainSource>
        </DelphiCompile>
        <DCCReference Include="fmx.dcp"/>
        <DCCReference Include="rtl.dcp"/>
        <DCCReference Include="xmlrtl.dcp"/>
        <DCCReference Include="..\Source\FileFormats\Const3DS.pas"/>
        <DCCReference Include="..\Source\FileFormats\DDSImage.pas"/>
        <DCCReference Include="..\Source\FileFormats\DXTC.pas"/>
        <DCCReference Include="..\Source\FileFormats\File3DS.pas"/>
        <DCCReference Include="..\Source\FileFormats\FileB3D.pas"/>
        <DCCReference Include="..\Source\FileFormats\FileGL2.pas"/>
        <DCCReference Include="..\Source\FileFormats\FileMD2.pas"/>
        <DCCReference Include="..\Source\FileFormats\FileMD3.pas"/>
        <DCCReference Include="..\Source\FileFormats\FileOCT.pas"/>
        <DCCReference Include="..\Source\FileFormats\FileX.pas"/>
        <DCCReference Include="..\Source\SoundVideoAPIs\GLS.AVIRecorder.pas"/>
        <DCCReference Include="..\Source\GLS.AnimatedSprite.pas"/>
        <DCCReference Include="..\Source\GLS.AnimationUtils.pas"/>
        <DCCReference Include="..\Source\GLS.ApplicationFileIO.pas"/>
        <DCCReference Include="..\Source\GLS.ArchiveManager.pas"/>
        <DCCReference Include="..\Source\GLS.AsmShader.pas"/>
        <DCCReference Include="..\Source\GLS.AsyncHDS.pas"/>
        <DCCReference Include="..\Source\GLS.AsyncTimer.pas"/>
        <DCCReference Include="..\Source\GLS.Atmosphere.pas"/>
        <DCCReference Include="..\Source\GLS.BSP.pas"/>
        <DCCReference Include="..\Source\Basis\GLS.BaseClasses.pas"/>
        <DCCReference Include="..\Source\Basis\GLS.BaseMeshSilhouette.pas"/>
        <DCCReference Include="..\Source\GLS.Behaviours.pas"/>
        <DCCReference Include="..\Source\GLS.BitmapFont.pas"/>
        <DCCReference Include="..\Source\GLS.Blur.pas"/>
        <DCCReference Include="..\Source\GLS.BumpMapping.pas"/>
        <DCCReference Include="..\Source\Shaders\GLS.BumpShader.pas"/>
        <DCCReference Include="..\Source\GLS.BumpmapHDS.pas"/>
        <DCCReference Include="..\Source\GLS.Cadencer.pas"/>
        <DCCReference Include="..\Source\GLS.CameraController.pas"/>
        <DCCReference Include="..\Source\GLS.Canvas.pas"/>
        <DCCReference Include="..\Source\GLS.Collision.pas"/>
        <DCCReference Include="..\Source\GLS.Color.pas"/>
        <DCCReference Include="..\Source\GLS.CompositeImage.pas"/>
        <DCCReference Include="..\Source\GLS.Console.pas"/>
        <DCCReference Include="..\Source\GLS.Context.pas"/>
        <DCCReference Include="..\Source\GLS.Contouring.pas"/>
        <DCCReference Include="..\Source\GLS.Coordinates.pas"/>
        <DCCReference Include="..\Source\GLS.CrossPlatform.pas"/>
        <DCCReference Include="..\Source\GLS.CurvesAndSurfaces.pas"/>
        <DCCReference Include="..\Source\GLS.CustomShader.pas"/>
        <DCCReference Include="..\Source\GLS.DCE.pas"/>
        <DCCReference Include="..\Source\GLS.DCEMisc.pas"/>
        <DCCReference Include="..\Source\GLS.EParticleMasksManager.pas"/>
        <DCCReference Include="..\Source\GLS.EllipseCollision.pas"/>
        <DCCReference Include="..\Source\GLS.ExplosionFx.pas"/>
        <DCCReference Include="..\Source\GLS.Extrusion.pas"/>
        <DCCReference Include="..\Source\GLS.FBO.pas"/>
        <DCCReference Include="..\Source\GLS.FBORenderer.pas"/>
        <DCCReference Include="..\Source\GLS.FPSMovement.pas"/>
        <DCCReference Include="..\Source\GLS.Feedback.pas"/>
        <DCCReference Include="..\Source\FileFormats\GLS.File3DS.pas"/>
        <DCCReference Include="..\Source\FileFormats\GLS.File3DSSceneObjects.pas"/>
        <DCCReference Include="..\Source\FileFormats\GLS.FileASE.pas"/>
        <DCCReference Include="..\Source\FileFormats\GLS.FileB3D.pas"/>
        <DCCReference Include="..\Source\FileFormats\GLS.FileBMP.pas"/>
        <DCCReference Include="..\Source\FileFormats\GLS.FileDDS.pas"/>
        <DCCReference Include="..\Source\FileFormats\GLS.FileDXF.pas"/>
        <DCCReference Include="..\Source\FileFormats\GLS.FileGL2.pas"/>
        <DCCReference Include="..\Source\FileFormats\GLS.FileGRD.pas"/>
        <DCCReference Include="..\Source\FileFormats\GLS.FileGTS.pas"/>
        <DCCReference Include="..\Source\FileFormats\GLS.FileHDR.pas"/>
        <DCCReference Include="..\Source\FileFormats\GLS.FileJPEG.pas"/>
        <DCCReference Include="..\Source\FileFormats\GLS.FileLMTS.pas"/>
        <DCCReference Include="..\Source\FileFormats\GLS.FileLWO.pas"/>
        <DCCReference Include="..\Source\FileFormats\GLS.FileMD2.pas"/>
        <DCCReference Include="..\Source\FileFormats\GLS.FileMD3.pas"/>
        <DCCReference Include="..\Source\FileFormats\GLS.FileMD5.pas"/>
        <DCCReference Include="..\Source\FileFormats\GLS.FileMDC.pas"/>
        <DCCReference Include="..\Source\FileFormats\GLS.FileMP3.pas"/>
        <DCCReference Include="..\Source\FileFormats\GLS.FileMS3D.pas"/>
        <DCCReference Include="..\Source\FileFormats\GLS.FileNMF.pas"/>
        <DCCReference Include="..\Source\FileFormats\GLS.FileNurbs.pas"/>
        <DCCReference Include="..\Source\FileFormats\GLS.FileO3TC.pas"/>
        <DCCReference Include="..\Source\FileFormats\GLS.FileOBJ.pas"/>
        <DCCReference Include="..\Source\FileFormats\GLS.FileOCT.pas"/>
        <DCCReference Include="..\Source\FileFormats\GLS.FilePAK.pas"/>
        <DCCReference Include="..\Source\FileFormats\GLS.FilePLY.pas"/>
        <DCCReference Include="..\Source\FileFormats\GLS.FilePNG.pas"/>
        <DCCReference Include="..\Source\FileFormats\GLS.FileQ3BSP.pas"/>
        <DCCReference Include="..\Source\FileFormats\GLS.FileSMD.pas"/>
        <DCCReference Include="..\Source\FileFormats\GLS.FileSTL.pas"/>
        <DCCReference Include="..\Source\FileFormats\GLS.FileTGA.pas"/>
        <DCCReference Include="..\Source\FileFormats\GLS.FileTIN.pas"/>
        <DCCReference Include="..\Source\FileFormats\GLS.FileVRML.pas"/>
        <DCCReference Include="..\Source\FileFormats\GLS.FileWAV.pas"/>
        <DCCReference Include="..\Source\FileFormats\GLS.FileX.pas"/>
        <DCCReference Include="..\Source\GLS.FireFX.pas"/>
        <DCCReference Include="..\Source\GLS.FullScreenViewer.pas"/>
        <DCCReference Include="..\Source\Shaders\GLS.GLSLBumpShader.pas"/>
        <DCCReference Include="..\Source\Shaders\GLS.GLSLDiffuseSpecularShader.pas"/>
        <DCCReference Include="..\Source\Shaders\GLS.GLSLParameter.pas"/>
        <DCCReference Include="..\Source\Shaders\GLS.GLSLPostShaders.pas"/>
        <DCCReference Include="..\Source\Shaders\GLS.GLSLProjectedTextures.pas"/>
        <DCCReference Include="..\Source\Shaders\GLS.GLSLShader.pas"/>
        <DCCReference Include="..\Source\GLS.GLUTesselation.pas"/>
        <DCCReference Include="..\Source\GameAPIs\GLS.GameMenu.pas"/>
        <DCCReference Include="..\Source\GLS.Generics.pas"/>
        <DCCReference Include="..\Source\Basis\GLS.GeomObjects.pas"/>
        <DCCReference Include="..\Source\Basis\GLS.GeometryBB.pas"/>
        <DCCReference Include="..\Source\Basis\GLS.GeometryCoordinates.pas"/>
        <DCCReference Include="..\Source\GLS.Gizmo.pas"/>
        <DCCReference Include="..\Source\GLS.GizmoEx.pas"/>
        <DCCReference Include="..\Source\GLS.Graph.pas"/>
        <DCCReference Include="..\Source\GLS.Graphics.pas"/>
        <DCCReference Include="..\Source\GLS.Gui.pas"/>
        <DCCReference Include="..\Source\GLS.HUDObjects.pas"/>
        <DCCReference Include="..\Source\GLS.HeightData.pas"/>
        <DCCReference Include="..\Source\GLS.HeightTileFile.pas"/>
        <DCCReference Include="..\Source\GLS.HeightTileFileHDS.pas"/>
        <DCCReference Include="..\Source\GLS.HiddenLineShader.pas"/>
        <DCCReference Include="..\Source\GLS.ImageUtils.pas"/>
        <DCCReference Include="..\Source\GLS.Imposter.pas"/>
        <DCCReference Include="..\Source\GLS.Isosurface.pas"/>
        <DCCReference Include="..\Source\GLS.Joystick.pas"/>
        <DCCReference Include="..\Source\GLS.Keyboard.pas"/>
        <DCCReference Include="..\Source\GLS.Language.pas"/>
        <DCCReference Include="..\Source\GLS.LensFlare.pas"/>
        <DCCReference Include="..\Source\GLS.LinePFX.pas"/>
        <DCCReference Include="..\Source\GLS.Log.pas"/>
        <DCCReference Include="..\Source\GLS.Manager.pas"/>
        <DCCReference Include="..\Source\GLS.Material.pas"/>
        <DCCReference Include="..\Source\GLS.MaterialEx.pas"/>
        <DCCReference Include="..\Source\GLS.MaterialMultiProxy.pas"/>
        <DCCReference Include="..\Source\GLS.MaterialScript.pas"/>
        <DCCReference Include="..\Source\GLS.Mesh.pas"/>
        <DCCReference Include="..\Source\GLS.MeshBuilder.pas"/>
        <DCCReference Include="..\Source\GLS.MeshCSG.pas"/>
        <DCCReference Include="..\Source\GLS.MeshLines.pas"/>
        <DCCReference Include="..\Source\GLS.MeshOptimizer.pas"/>
        <DCCReference Include="..\Source\GLS.MeshUtils.pas"/>
        <DCCReference Include="..\Source\GLS.Mirror.pas"/>
        <DCCReference Include="..\Source\GLS.Movement.pas"/>
        <DCCReference Include="..\Source\GLS.MultiMaterialShader.pas"/>
        <DCCReference Include="..\Source\GLS.MultiPolygon.pas"/>
        <DCCReference Include="..\Source\GLS.MultiProxy.pas"/>
        <DCCReference Include="..\Source\GLS.MultisampleImage.pas"/>
        <DCCReference Include="..\Source\GLS.Navigator.pas"/>
        <DCCReference Include="..\Source\GLS.Nodes.pas"/>
        <DCCReference Include="..\Source\GLS.ObjectManager.pas"/>
        <DCCReference Include="..\Source\GLS.Objects.pas"/>
        <DCCReference Include="..\Source\GLS.Octree.pas"/>
        <DCCReference Include="..\Source\Basis\GLS.OpenGLAdapter.pas"/>
        <DCCReference Include="..\Source\GLS.OutlineShader.pas"/>
        <DCCReference Include="..\Source\GLS.ParametricSurfaces.pas"/>
        <DCCReference Include="..\Source\GLS.ParticleFX.pas"/>
        <DCCReference Include="..\Source\GLS.Particles.pas"/>
        <DCCReference Include="..\Source\GLS.Perlin.pas"/>
        <DCCReference Include="..\Source\GLS.PerlinBase.pas"/>
        <DCCReference Include="..\Source\GLS.PerlinNoise3D.pas"/>
        <DCCReference Include="..\Source\GLS.PerlinPFX.pas"/>
        <DCCReference Include="..\Source\GLS.PersistentClasses.pas"/>
        <DCCReference Include="..\Source\GLS.PhongShader.pas"/>
        <DCCReference Include="..\Source\GLS.PictureRegisteredFormats.pas"/>
        <DCCReference Include="..\Source\GLS.PipelineTransformation.pas"/>
        <DCCReference Include="..\Source\GLS.PlugInIntf.pas"/>
        <DCCReference Include="..\Source\GLS.PlugInManager.pas"/>
        <DCCReference Include="..\Source\GLS.Polyhedron.pas"/>
        <DCCReference Include="..\Source\GLS.Polynomials.pas"/>
        <DCCReference Include="..\Source\GLS.Portal.pas"/>
        <DCCReference Include="..\Source\GLS.PostEffects.pas"/>
        <DCCReference Include="..\Source\GLS.ProcTextures.pas"/>
        <DCCReference Include="..\Source\GLS.ProjectedTextures.pas"/>
        <DCCReference Include="..\Source\GLS.ProxyObjects.pas"/>
        <DCCReference Include="..\Source\GLS.RGBE.pas"/>
        <DCCReference Include="..\Source\GLS.ROAMPatch.pas"/>
        <DCCReference Include="..\Source\GLS.Ragdoll.pas"/>
        <DCCReference Include="..\Source\GLS.RedBlackTree.pas"/>
        <DCCReference Include="..\Source\GLS.RenderContextInfo.pas"/>
        <DCCReference Include="..\Source\GLS.Scene.pas"/>
        <DCCReference Include="..\Source\GLS.Win64Context.pas"/>
        <DCCReference Include="..\Source\GLS.Win64Viewer.pas"/>
        <DCCReference Include="..\Source\GLS.Screen.pas"/>
        <DCCReference Include="..\Source\GLS.ScreenSaver.pas"/>
        <DCCReference Include="..\Source\GLS.ScriptBase.pas"/>
        <DCCReference Include="..\Source\GLS.Selection.pas"/>
        <DCCReference Include="..\Source\Shaders\GLS.ShaderCombiner.pas"/>
        <DCCReference Include="..\Source\GLS.ShadowHDS.pas"/>
        <DCCReference Include="..\Source\GLS.ShadowPlane.pas"/>
        <DCCReference Include="..\Source\GLS.ShadowVolume.pas"/>
        <DCCReference Include="..\Source\GLS.Silhouette.pas"/>
        <DCCReference Include="..\Source\GLS.SimpleNavigation.pas"/>
        <DCCReference Include="..\Source\GLS.SkyBox.pas"/>
        <DCCReference Include="..\Source\GLS.Skydome.pas"/>
        <DCCReference Include="..\Source\GLS.SmoothNavigator.pas"/>
        <DCCReference Include="..\Source\SoundVideoAPIs\GLS.Sound.pas"/>
        <DCCReference Include="..\Source\SoundVideoAPIs\GLS.SoundFileObjects.pas"/>
        <DCCReference Include="..\Source\GLS.SpacePartition.pas"/>
        <DCCReference Include="..\Source\GLS.SpaceText.pas"/>
        <DCCReference Include="..\Source\GLS.SpatialPartitioning.pas"/>
        <DCCReference Include="..\Source\GLS.Spline.pas"/>
        <DCCReference Include="..\Source\GLS.StarRecord.pas"/>
        <DCCReference Include="..\Source\GLS.State.pas"/>
        <DCCReference Include="..\Source\GLS.Strings.pas"/>
        <DCCReference Include="..\Source\GLS.Teapot.pas"/>
        <DCCReference Include="..\Source\GLS.TerrainRenderer.pas"/>
        <DCCReference Include="..\Source\Shaders\GLS.TexCombineShader.pas"/>
        <DCCReference Include="..\Source\GLS.TexLensFlare.pas"/>
        <DCCReference Include="..\Source\GLS.Texture.pas"/>
        <DCCReference Include="..\Source\GLS.TextureCombiners.pas"/>
        <DCCReference Include="..\Source\GLS.TextureFormat.pas"/>
        <DCCReference Include="..\Source\GLS.TextureImageEditors.pas"/>
        <DCCReference Include="..\Source\Shaders\GLS.TextureSharingShader.pas"/>
        <DCCReference Include="..\Source\GLS.TexturedHDS.pas"/>
        <DCCReference Include="..\Source\GLS.ThorFX.pas"/>
        <DCCReference Include="..\Source\GLS.TilePlane.pas"/>
        <DCCReference Include="..\Source\GLS.TimeEventsMgr.pas"/>
        <DCCReference Include="..\Source\GLS.Trail.pas"/>
        <DCCReference Include="..\Source\GLS.Tree.pas"/>
        <DCCReference Include="..\Source\Basis\GLS.Types.pas"/>
        <DCCReference Include="..\Source\Basis\GLS.Utils.pas"/>
        <DCCReference Include="..\Source\Basis\GLS.VectorFileObjects.pas"/>
        <DCCReference Include="..\Source\Basis\GLS.VectorGeometry.pas"/>
        <DCCReference Include="..\Source\Basis\GLS.VectorLists.pas"/>
        <DCCReference Include="..\Source\Basis\GLS.VectorTypes.pas"/>
        <DCCReference Include="..\Source\GLS.VerletClasses.pas"/>
        <DCCReference Include="..\Source\GLS.VerletClothify.pas"/>
        <DCCReference Include="..\Source\GLS.VerletHairClasses.pas"/>
        <DCCReference Include="..\Source\GLS.VerletSkeletonColliders.pas"/>
        <DCCReference Include="..\Source\GLS.VerletTypes.pas"/>
        <DCCReference Include="..\Source\FileFormats\GLS.VfsPAK.pas"/>
        <DCCReference Include="..\Source\SoundVideoAPIs\GLS.Vfw.pas"/>
        <DCCReference Include="..\Source\GLS.WaterPlane.pas"/>
        <DCCReference Include="..\Source\GLS.Windows.pas"/>
        <DCCReference Include="..\Source\GLS.WindowsFont.pas"/>
        <DCCReference Include="..\Source\GLS.XCollection.pas"/>
        <DCCReference Include="..\Source\Basis\GLS.XOpenGL.pas"/>
        <DCCReference Include="..\Source\GLS.zBuffer.pas"/>
        <DCCReference Include="..\Source\FileFormats\HDRImage.pas"/>
        <DCCReference Include="..\Source\LIBFREETYPE.pas"/>
        <DCCReference Include="..\Source\FileFormats\LWObjects.pas"/>
        <DCCReference Include="..\Source\FileFormats\Q3BSP.pas"/>
        <DCCReference Include="..\Source\FileFormats\Q3MD3.pas"/>
        <DCCReference Include="..\Source\FileFormats\TGA.pas"/>
        <DCCReference Include="..\Source\FileFormats\Types3DS.pas"/>
        <DCCReference Include="..\Source\FileFormats\Utils3DS.pas"/>
        <DCCReference Include="..\Source\FileFormats\VRMLParser.pas"/>
        <DCCReference Include="..\Source\Basis\GLS.VK_Platform.pas"/>
        <DCCReference Include="..\Source\Basis\GLS.Vulkan.pas"/>
        <BuildConfiguration Include="Debug">
            <Key>Cfg_2</Key>
            <CfgParent>Base</CfgParent>
        </BuildConfiguration>
        <BuildConfiguration Include="Base">
            <Key>Base</Key>
        </BuildConfiguration>
        <BuildConfiguration Include="Release">
            <Key>Cfg_1</Key>
            <CfgParent>Base</CfgParent>
        </BuildConfiguration>
    </ItemGroup>
    <ProjectExtensions>
        <Borland.Personality>Delphi.Personality.12</Borland.Personality>
        <Borland.ProjectType>Package</Borland.ProjectType>
        <BorlandProject>
            <Delphi.Personality>
                <Source>
                    <Source Name="MainSource">GLSceneVKS_RunTime.dpk</Source>
                </Source>
                <Excluded_Packages>
                    <Excluded_Packages Name="C:\Users\Public\Documents\Embarcadero\Studio\17.0\Bpl\GLSceneVCL_DesignTime.bpl">File C:\Users\Public\Documents\Embarcadero\Studio\17.0\Bpl\GLSceneVCL_DesignTime.bpl not found</Excluded_Packages>
                    <Excluded_Packages Name="C:\Users\Public\Documents\Embarcadero\Studio\17.0\Bpl\GLSceneVCL_Sounds_DesignTime.bpl">File C:\Users\Public\Documents\Embarcadero\Studio\17.0\Bpl\GLSceneVCL_Sounds_DesignTime.bpl not found</Excluded_Packages>
                    <Excluded_Packages Name="C:\Users\Public\Documents\Embarcadero\Studio\17.0\Bpl\GLSceneVCL_Physics_DesignTime.bpl">File C:\Users\Public\Documents\Embarcadero\Studio\17.0\Bpl\GLSceneVCL_Physics_DesignTime.bpl not found</Excluded_Packages>
                    <Excluded_Packages Name="C:\Users\Public\Documents\Embarcadero\Studio\17.0\Bpl\ConvertPack140.bpl">File C:\Users\Public\Documents\Embarcadero\Studio\17.0\Bpl\ConvertPack140.bpl not found</Excluded_Packages>
                    <Excluded_Packages Name="$(BDSBIN)\bcboffice2k230.bpl">Embarcadero C++Builder Office 2000 Servers Package</Excluded_Packages>
                    <Excluded_Packages Name="$(BDSBIN)\bcbofficexp230.bpl">Embarcadero C++Builder Office XP Servers Package</Excluded_Packages>
                    <Excluded_Packages Name="$(BDSBIN)\dcloffice2k230.bpl">Microsoft Office 2000 Sample Automation Server Wrapper Components</Excluded_Packages>
                    <Excluded_Packages Name="$(BDSBIN)\dclofficexp230.bpl">Microsoft Office XP Sample Automation Server Wrapper Components</Excluded_Packages>
                    <Excluded_Packages Name="C:\Users\Public\Documents\Embarcadero\Studio\17.0\Bpl\GBComp.bpl">File C:\Users\Public\Documents\Embarcadero\Studio\17.0\Bpl\GBComp.bpl not found</Excluded_Packages>
                </Excluded_Packages>
            </Delphi.Personality>
            <Platforms>
                <Platform value="Android">False</Platform>
                <Platform value="iOSDevice32">False</Platform>
                <Platform value="iOSDevice64">False</Platform>
                <Platform value="iOSSimulator">False</Platform>
                <Platform value="OSX32">False</Platform>
                <Platform value="Win32">True</Platform>
                <Platform value="Win64">True</Platform>
            </Platforms>
            <Deployment Version="2">
                <DeployFile LocalName="C:\Users\Public\Documents\Embarcadero\Studio\17.0\Bpl\Win64\GLSceneVKS_RunTime.bpl" Configuration="Debug" Class="ProjectOutput">
                    <Platform Name="Win64">
                        <RemoteName>GLSceneVKS_RunTime.bpl</RemoteName>
                        <Overwrite>true</Overwrite>
                    </Platform>
                </DeployFile>
                <DeployFile LocalName="$(BDS)\Redist\osx32\libcgunwind.1.0.dylib" Class="DependencyModule">
                    <Platform Name="OSX32">
                        <Overwrite>true</Overwrite>
                    </Platform>
                </DeployFile>
                <DeployFile LocalName="$(BDS)\Redist\iossimulator\libcgunwind.1.0.dylib" Class="DependencyModule">
                    <Platform Name="iOSSimulator">
                        <Overwrite>true</Overwrite>
                    </Platform>
                </DeployFile>
                <DeployFile LocalName="$(BDS)\Redist\iossimulator\libPCRE.dylib" Class="DependencyModule">
                    <Platform Name="iOSSimulator">
                        <Overwrite>true</Overwrite>
                    </Platform>
                </DeployFile>
                <DeployClass Name="DependencyModule">
                    <Platform Name="Win32">
                        <Operation>0</Operation>
                        <Extensions>.dll;.bpl</Extensions>
                    </Platform>
                    <Platform Name="OSX32">
                        <Operation>1</Operation>
                        <Extensions>.dylib</Extensions>
                    </Platform>
                </DeployClass>
                <DeployClass Name="ProjectOSXResource">
                    <Platform Name="OSX32">
                        <RemoteDir>Contents\Resources</RemoteDir>
                        <Operation>1</Operation>
                    </Platform>
                </DeployClass>
                <DeployClass Name="AndroidClassesDexFile">
                    <Platform Name="Android">
                        <RemoteDir>classes</RemoteDir>
                        <Operation>1</Operation>
                    </Platform>
                </DeployClass>
                <DeployClass Name="AdditionalDebugSymbols">
                    <Platform Name="Win32">
                        <RemoteDir>Contents\MacOS</RemoteDir>
                        <Operation>0</Operation>
                    </Platform>
                    <Platform Name="OSX32">
                        <Operation>1</Operation>
                    </Platform>
                </DeployClass>
                <DeployClass Name="iPad_Launch768">
                    <Platform Name="iOSSimulator">
                        <Operation>1</Operation>
                    </Platform>
                    <Platform Name="iOSDevice64">
                        <Operation>1</Operation>
                    </Platform>
                    <Platform Name="iOSDevice32">
                        <Operation>1</Operation>
                    </Platform>
                </DeployClass>
                <DeployClass Name="Android_LauncherIcon144">
                    <Platform Name="Android">
                        <RemoteDir>res\drawable-xxhdpi</RemoteDir>
                        <Operation>1</Operation>
                    </Platform>
                </DeployClass>
                <DeployClass Name="AndroidLibnativeMipsFile">
                    <Platform Name="Android">
                        <RemoteDir>library\lib\mips</RemoteDir>
                        <Operation>1</Operation>
                    </Platform>
                </DeployClass>
                <DeployClass Required="true" Name="ProjectOutput">
                    <Platform Name="Win32">
                        <Operation>0</Operation>
                    </Platform>
                    <Platform Name="iOSDevice64">
                        <Operation>1</Operation>
                    </Platform>
                    <Platform Name="OSX32">
                        <Operation>1</Operation>
                    </Platform>
                    <Platform Name="iOSDevice32">
                        <Operation>1</Operation>
                    </Platform>
                    <Platform Name="Android">
                        <RemoteDir>library\lib\armeabi-v7a</RemoteDir>
                        <Operation>1</Operation>
                    </Platform>
                    <Platform Name="iOSSimulator">
                        <Operation>1</Operation>
                    </Platform>
                </DeployClass>
                <DeployClass Name="DependencyFramework">
                    <Platform Name="Win32">
                        <Operation>0</Operation>
                    </Platform>
                    <Platform Name="OSX32">
                        <Operation>1</Operation>
                        <Extensions>.framework</Extensions>
                    </Platform>
                </DeployClass>
                <DeployClass Name="iPhone_Launch640">
                    <Platform Name="iOSSimulator">
                        <Operation>1</Operation>
                    </Platform>
                    <Platform Name="iOSDevice64">
                        <Operation>1</Operation>
                    </Platform>
                    <Platform Name="iOSDevice32">
                        <Operation>1</Operation>
                    </Platform>
                </DeployClass>
                <DeployClass Name="iPad_Launch1024">
                    <Platform Name="iOSSimulator">
                        <Operation>1</Operation>
                    </Platform>
                    <Platform Name="iOSDevice64">
                        <Operation>1</Operation>
                    </Platform>
                    <Platform Name="iOSDevice32">
                        <Operation>1</Operation>
                    </Platform>
                </DeployClass>
                <DeployClass Name="ProjectiOSDeviceDebug">
                    <Platform Name="iOSDevice64">
                        <RemoteDir>..\$(PROJECTNAME).app.dSYM\Contents\Resources\DWARF</RemoteDir>
                        <Operation>1</Operation>
                    </Platform>
                    <Platform Name="iOSDevice32">
                        <RemoteDir>..\$(PROJECTNAME).app.dSYM\Contents\Resources\DWARF</RemoteDir>
                        <Operation>1</Operation>
                    </Platform>
                </DeployClass>
                <DeployClass Name="AndroidLibnativeX86File">
                    <Platform Name="Android">
                        <RemoteDir>library\lib\x86</RemoteDir>
                        <Operation>1</Operation>
                    </Platform>
                </DeployClass>
                <DeployClass Name="iPhone_Launch320">
                    <Platform Name="iOSSimulator">
                        <Operation>1</Operation>
                    </Platform>
                    <Platform Name="iOSDevice64">
                        <Operation>1</Operation>
                    </Platform>
                    <Platform Name="iOSDevice32">
                        <Operation>1</Operation>
                    </Platform>
                </DeployClass>
                <DeployClass Name="ProjectiOSInfoPList"/>
                <DeployClass Name="AndroidLibnativeArmeabiFile">
                    <Platform Name="Android">
                        <RemoteDir>library\lib\armeabi</RemoteDir>
                        <Operation>1</Operation>
                    </Platform>
                </DeployClass>
                <DeployClass Name="DebugSymbols">
                    <Platform Name="Win32">
                        <Operation>0</Operation>
                    </Platform>
                    <Platform Name="iOSSimulator">
                        <Operation>1</Operation>
                    </Platform>
                    <Platform Name="OSX32">
                        <Operation>1</Operation>
                    </Platform>
                </DeployClass>
                <DeployClass Name="iPad_Launch1536">
                    <Platform Name="iOSSimulator">
                        <Operation>1</Operation>
                    </Platform>
                    <Platform Name="iOSDevice64">
                        <Operation>1</Operation>
                    </Platform>
                    <Platform Name="iOSDevice32">
                        <Operation>1</Operation>
                    </Platform>
                </DeployClass>
                <DeployClass Name="Android_SplashImage470">
                    <Platform Name="Android">
                        <RemoteDir>res\drawable-normal</RemoteDir>
                        <Operation>1</Operation>
                    </Platform>
                </DeployClass>
                <DeployClass Name="Android_LauncherIcon96">
                    <Platform Name="Android">
                        <RemoteDir>res\drawable-xhdpi</RemoteDir>
                        <Operation>1</Operation>
                    </Platform>
                </DeployClass>
                <DeployClass Name="Android_SplashImage640">
                    <Platform Name="Android">
                        <RemoteDir>res\drawable-large</RemoteDir>
                        <Operation>1</Operation>
                    </Platform>
                </DeployClass>
                <DeployClass Name="iPhone_Launch640x1136">
                    <Platform Name="iOSSimulator">
                        <Operation>1</Operation>
                    </Platform>
                    <Platform Name="iOSDevice64">
                        <Operation>1</Operation>
                    </Platform>
                    <Platform Name="iOSDevice32">
                        <Operation>1</Operation>
                    </Platform>
                </DeployClass>
                <DeployClass Name="ProjectiOSEntitlements"/>
                <DeployClass Name="Android_LauncherIcon72">
                    <Platform Name="Android">
                        <RemoteDir>res\drawable-hdpi</RemoteDir>
                        <Operation>1</Operation>
                    </Platform>
                </DeployClass>
                <DeployClass Name="AndroidGDBServer">
                    <Platform Name="Android">
                        <RemoteDir>library\lib\armeabi-v7a</RemoteDir>
                        <Operation>1</Operation>
                    </Platform>
                </DeployClass>
                <DeployClass Name="ProjectOSXInfoPList"/>
                <DeployClass Name="ProjectOSXEntitlements"/>
                <DeployClass Name="iPad_Launch2048">
                    <Platform Name="iOSSimulator">
                        <Operation>1</Operation>
                    </Platform>
                    <Platform Name="iOSDevice64">
                        <Operation>1</Operation>
                    </Platform>
                    <Platform Name="iOSDevice32">
                        <Operation>1</Operation>
                    </Platform>
                </DeployClass>
                <DeployClass Name="AndroidSplashStyles">
                    <Platform Name="Android">
                        <RemoteDir>res\values</RemoteDir>
                        <Operation>1</Operation>
                    </Platform>
                </DeployClass>
                <DeployClass Name="Android_SplashImage426">
                    <Platform Name="Android">
                        <RemoteDir>res\drawable-small</RemoteDir>
                        <Operation>1</Operation>
                    </Platform>
                </DeployClass>
                <DeployClass Name="AndroidSplashImageDef">
                    <Platform Name="Android">
                        <RemoteDir>res\drawable</RemoteDir>
                        <Operation>1</Operation>
                    </Platform>
                </DeployClass>
                <DeployClass Name="ProjectiOSResource">
                    <Platform Name="iOSSimulator">
                        <Operation>1</Operation>
                    </Platform>
                    <Platform Name="iOSDevice64">
                        <Operation>1</Operation>
                    </Platform>
                    <Platform Name="iOSDevice32">
                        <Operation>1</Operation>
                    </Platform>
                </DeployClass>
                <DeployClass Name="ProjectAndroidManifest">
                    <Platform Name="Android">
                        <Operation>1</Operation>
                    </Platform>
                </DeployClass>
                <DeployClass Name="Android_DefaultAppIcon">
                    <Platform Name="Android">
                        <RemoteDir>res\drawable</RemoteDir>
                        <Operation>1</Operation>
                    </Platform>
                </DeployClass>
                <DeployClass Name="File">
                    <Platform Name="Win32">
                        <Operation>0</Operation>
                    </Platform>
                    <Platform Name="iOSDevice64">
                        <Operation>0</Operation>
                    </Platform>
                    <Platform Name="OSX32">
                        <Operation>0</Operation>
                    </Platform>
                    <Platform Name="iOSDevice32">
                        <Operation>0</Operation>
                    </Platform>
                    <Platform Name="Android">
                        <Operation>0</Operation>
                    </Platform>
                    <Platform Name="iOSSimulator">
                        <Operation>0</Operation>
                    </Platform>
                </DeployClass>
                <DeployClass Name="AndroidServiceOutput">
                    <Platform Name="Android">
                        <RemoteDir>library\lib\armeabi-v7a</RemoteDir>
                        <Operation>1</Operation>
                    </Platform>
                </DeployClass>
                <DeployClass Required="true" Name="DependencyPackage">
                    <Platform Name="Win32">
                        <Operation>0</Operation>
                        <Extensions>.bpl</Extensions>
                    </Platform>
                    <Platform Name="iOSDevice64">
                        <Operation>1</Operation>
                        <Extensions>.dylib</Extensions>
                    </Platform>
                    <Platform Name="OSX32">
                        <Operation>1</Operation>
                        <Extensions>.dylib</Extensions>
                    </Platform>
                    <Platform Name="iOSDevice32">
                        <Operation>1</Operation>
                        <Extensions>.dylib</Extensions>
                    </Platform>
                    <Platform Name="iOSSimulator">
                        <Operation>1</Operation>
                        <Extensions>.dylib</Extensions>
                    </Platform>
                </DeployClass>
                <DeployClass Name="Android_LauncherIcon48">
                    <Platform Name="Android">
                        <RemoteDir>res\drawable-mdpi</RemoteDir>
                        <Operation>1</Operation>
                    </Platform>
                </DeployClass>
                <DeployClass Name="Android_SplashImage960">
                    <Platform Name="Android">
                        <RemoteDir>res\drawable-xlarge</RemoteDir>
                        <Operation>1</Operation>
                    </Platform>
                </DeployClass>
                <DeployClass Name="Android_LauncherIcon36">
                    <Platform Name="Android">
                        <RemoteDir>res\drawable-ldpi</RemoteDir>
                        <Operation>1</Operation>
                    </Platform>
                </DeployClass>
                <DeployClass Name="ProjectiOSDeviceResourceRules"/>
                <ProjectRoot Platform="iOSDevice64" Name="$(PROJECTNAME).app"/>
                <ProjectRoot Platform="Win64" Name="$(PROJECTNAME)"/>
                <ProjectRoot Platform="iOSDevice32" Name="$(PROJECTNAME).app"/>
                <ProjectRoot Platform="Win32" Name="$(PROJECTNAME)"/>
                <ProjectRoot Platform="OSX32" Name="$(PROJECTNAME)"/>
                <ProjectRoot Platform="Android" Name="$(PROJECTNAME)"/>
                <ProjectRoot Platform="iOSSimulator" Name="$(PROJECTNAME).app"/>
            </Deployment>
            <ModelSupport>False</ModelSupport>
        </BorlandProject>
        <ProjectFileVersion>12</ProjectFileVersion>
    </ProjectExtensions>
    <Import Project="$(BDS)\Bin\CodeGear.Delphi.Targets" Condition="Exists('$(BDS)\Bin\CodeGear.Delphi.Targets')"/>
    <Import Project="$(APPDATA)\Embarcadero\$(BDSAPPDATABASEDIR)\$(PRODUCTVERSION)\UserTools.proj" Condition="Exists('$(APPDATA)\Embarcadero\$(BDSAPPDATABASEDIR)\$(PRODUCTVERSION)\UserTools.proj')"/>
    <Import Project="$(MSBuildProjectName).deployproj" Condition="Exists('$(MSBuildProjectName).deployproj')"/>
</Project>
